{
    "_readme": [
        "This file locks the dependencies of your project to a known state",
        "Read more about it at https://getcomposer.org/doc/01-basic-usage.md#composer-lock-the-lock-file",
        "This file is @generated automatically"
    ],
    "hash": "193e3815a92071602662ccb81d7b2253",
    "content-hash": "9b366593da4c01f683fd52a23d1355f0",
    "packages": [
        {
            "name": "php-units-of-measure/php-units-of-measure",
            "version": "v2.1.0",
            "source": {
                "type": "git",
                "url": "https://github.com/PhpUnitsOfMeasure/php-units-of-measure.git",
                "reference": "25f476e9c50e11af8cf044d22ffc271c96aa5248"
            },
            "dist": {
                "type": "zip",
                "url": "https://api.github.com/repos/PhpUnitsOfMeasure/php-units-of-measure/zipball/25f476e9c50e11af8cf044d22ffc271c96aa5248",
                "reference": "25f476e9c50e11af8cf044d22ffc271c96aa5248",
                "shasum": ""
            },
            "require": {
                "php": ">=5.4.0"
            },
            "replace": {
                "triplepoint/php-units-of-measure": "*"
            },
            "require-dev": {
                "phpunit/phpunit": "4.8.*",
                "squizlabs/php_codesniffer": "2.2.*"
            },
            "type": "library",
            "autoload": {
                "psr-4": {
                    "PhpUnitsOfMeasure\\": "source/"
                }
            },
            "notification-url": "https://packagist.org/downloads/",
            "license": [
                "MIT"
            ],
            "authors": [
                {
                    "name": "Jonathan Hanson",
                    "email": "jonathan@jonathan-hanson.org",
                    "homepage": "http://www.jonathan-hanson.org/",
                    "role": "Developer"
                }
            ],
            "description": "A PHP library for converting between standard units of measure.",
            "homepage": "https://github.com/PhpUnitsOfMeasure/php-units-of-measure",
            "keywords": [
                "conversion",
                "data",
                "measurements"
            ],
            "time": "2016-07-24 22:36:00"
        }
    ],
    "packages-dev": [],
    "aliases": [],
    "minimum-stability": "stable",
    "stability-flags": [],
    "prefer-stable": false,
    "prefer-lowest": false,
    "platform": {
        "php": ">=5.3.0"
    },
    "platform-dev": []
}
